
Microsoft Visual Studio Solution File, Format Version 12.00
# Visual Studio Version 17
VisualStudioVersion = 17.1.32319.34
MinimumVisualStudioVersion = 10.0.40219.1
Project("{FAE04EC0-301F-11D3-BF4B-00C04F79EFBC}") = "ProblemALG004r", "ProblemALG004r.csproj", "{78A8CB15-215E-4515-9916-E3F302CEEBFE}"
EndProject
Global
	GlobalSection(SolutionConfigurationPlatforms) = preSolution
		Debug|Any CPU = Debug|Any CPU
		Release|Any CPU = Release|Any CPU
	EndGlobalSection
	GlobalSection(ProjectConfigurationPlatforms) = postSolution
		{78A8CB15-215E-4515-9916-E3F302CEEBFE}.Debug|Any CPU.ActiveCfg = Debug|Any CPU
		{78A8CB15-215E-4515-9916-E3F302CEEBFE}.Debug|Any CPU.Build.0 = Debug|Any CPU
		{78A8CB15-215E-4515-9916-E3F302CEEBFE}.Release|Any CPU.ActiveCfg = Release|Any CPU
		{78A8CB15-215E-4515-9916-E3F302CEEBFE}.Release|Any CPU.Build.0 = Release|Any CPU
	EndGlobalSection
	GlobalSection(SolutionProperties) = preSolution
		HideSolutionNode = FALSE
	EndGlobalSection
	GlobalSection(ExtensibilityGlobals) = postSolution
		SolutionGuid = {14856CD7-1272-40AA-9629-8D40E018E9FE}
	EndGlobalSection
EndGlobal
